
Microsoft Visual Studio Solution File, Format Version 12.00
# Visual Studio Version 17
VisualStudioVersion = 17.9.34714.143
MinimumVisualStudioVersion = 10.0.40219.1
Project("{9A19103F-16F7-4668-BE54-9A1E7A4F7556}") = "Rad301-Mock-Exam-2023-DataModel-ppowell", "Rad301-Mock-Exam-2023-DataModel-ppowell\Rad301-Mock-Exam-2023-DataModel-ppowell.csproj", "{7A330F01-7F8E-42FD-A827-DCA71D46FC66}"
EndProject
Project("{9A19103F-16F7-4668-BE54-9A1E7A4F7556}") = "Rad301-Mock-Exam-2023-Console-App-ppowell", "Rad301-Mock-Exam-2023-Console-App-ppowell\Rad301-Mock-Exam-2023-Console-App-ppowell.csproj", "{4CBB4689-444A-4CD2-A6DE-5EA3FFC1312A}"
EndProject
Project("{9A19103F-16F7-4668-BE54-9A1E7A4F7556}") = "RAD301-Mock-Exam-2023-MVC-App-ppowell", "RAD301-Mock-Exam-2023-MVC-App-ppowell\RAD301-Mock-Exam-2023-MVC-App-ppowell.csproj", "{D453B3C2-CEF5-4E24-8B8F-40AD48F2F8FD}"
EndProject
Global
	GlobalSection(SolutionConfigurationPlatforms) = preSolution
		Debug|Any CPU = Debug|Any CPU
		Release|Any CPU = Release|Any CPU
	EndGlobalSection
	GlobalSection(ProjectConfigurationPlatforms) = postSolution
		{7A330F01-7F8E-42FD-A827-DCA71D46FC66}.Debug|Any CPU.ActiveCfg = Debug|Any CPU
		{7A330F01-7F8E-42FD-A827-DCA71D46FC66}.Debug|Any CPU.Build.0 = Debug|Any CPU
		{7A330F01-7F8E-42FD-A827-DCA71D46FC66}.Release|Any CPU.ActiveCfg = Release|Any CPU
		{7A330F01-7F8E-42FD-A827-DCA71D46FC66}.Release|Any CPU.Build.0 = Release|Any CPU
		{4CBB4689-444A-4CD2-A6DE-5EA3FFC1312A}.Debug|Any CPU.ActiveCfg = Debug|Any CPU
		{4CBB4689-444A-4CD2-A6DE-5EA3FFC1312A}.Debug|Any CPU.Build.0 = Debug|Any CPU
		{4CBB4689-444A-4CD2-A6DE-5EA3FFC1312A}.Release|Any CPU.ActiveCfg = Release|Any CPU
		{4CBB4689-444A-4CD2-A6DE-5EA3FFC1312A}.Release|Any CPU.Build.0 = Release|Any CPU
		{D453B3C2-CEF5-4E24-8B8F-40AD48F2F8FD}.Debug|Any CPU.ActiveCfg = Debug|Any CPU
		{D453B3C2-CEF5-4E24-8B8F-40AD48F2F8FD}.Debug|Any CPU.Build.0 = Debug|Any CPU
		{D453B3C2-CEF5-4E24-8B8F-40AD48F2F8FD}.Release|Any CPU.ActiveCfg = Release|Any CPU
		{D453B3C2-CEF5-4E24-8B8F-40AD48F2F8FD}.Release|Any CPU.Build.0 = Release|Any CPU
	EndGlobalSection
	GlobalSection(SolutionProperties) = preSolution
		HideSolutionNode = FALSE
	EndGlobalSection
	GlobalSection(ExtensibilityGlobals) = postSolution
		SolutionGuid = {B05E9743-03D5-4A80-B7F1-2B2A00EF17DD}
	EndGlobalSection
EndGlobal
